// !$*UTF8*$!
{
	archiveVersion = 1;
	classes = {
	};
	objectVersion = 46;
	objects = {

/* Begin PBXBuildFile section */
		BFAB5A941DA2D32300274BB5 /* MotionHandler.swift in Sources */ = {isa = PBXBuildFile; fileRef = BFAB5A931DA2D32300274BB5 /* MotionHandler.swift */; };
		BFACC34E1D971CD000F20090 /* ShakeIT.framework in Frameworks */ = {isa = PBXBuildFile; fileRef = BFFAE6781D96E09B00313647 /* ShakeIT.framework */; };
		BFACC34F1D971CD000F20090 /* ShakeIT.framework in Embed Frameworks */ = {isa = PBXBuildFile; fileRef = BFFAE6781D96E09B00313647 /* ShakeIT.framework */; settings = {ATTRIBUTES = (CodeSignOnCopy, RemoveHeadersOnCopy, ); }; };
		BFACC3541D97BF0500F20090 /* NoteViewController.swift in Sources */ = {isa = PBXBuildFile; fileRef = BFACC3531D97BF0500F20090 /* NoteViewController.swift */; };
		BFFAE6821D96E09B00313647 /* ShakeIT.framework in Frameworks */ = {isa = PBXBuildFile; fileRef = BFFAE6781D96E09B00313647 /* ShakeIT.framework */; };
		BFFAE6871D96E09B00313647 /* ShakeITTests.swift in Sources */ = {isa = PBXBuildFile; fileRef = BFFAE6861D96E09B00313647 /* ShakeITTests.swift */; };
		BFFAE6891D96E09B00313647 /* ShakeIT.h in Headers */ = {isa = PBXBuildFile; fileRef = BFFAE67B1D96E09B00313647 /* ShakeIT.h */; settings = {ATTRIBUTES = (Public, ); }; };
		BFFAE6991D96E0AD00313647 /* AppDelegate.swift in Sources */ = {isa = PBXBuildFile; fileRef = BFFAE6981D96E0AD00313647 /* AppDelegate.swift */; };
		BFFAE69B1D96E0AD00313647 /* ViewController.swift in Sources */ = {isa = PBXBuildFile; fileRef = BFFAE69A1D96E0AD00313647 /* ViewController.swift */; };
		BFFAE69E1D96E0AD00313647 /* Main.storyboard in Resources */ = {isa = PBXBuildFile; fileRef = BFFAE69C1D96E0AD00313647 /* Main.storyboard */; };
		BFFAE6A01D96E0AD00313647 /* Assets.xcassets in Resources */ = {isa = PBXBuildFile; fileRef = BFFAE69F1D96E0AD00313647 /* Assets.xcassets */; };
		BFFAE6A31D96E0AD00313647 /* LaunchScreen.storyboard in Resources */ = {isa = PBXBuildFile; fileRef = BFFAE6A11D96E0AD00313647 /* LaunchScreen.storyboard */; };
		BFFAE6AE1D96E0AD00313647 /* ExampleApplicationTests.swift in Sources */ = {isa = PBXBuildFile; fileRef = BFFAE6AD1D96E0AD00313647 /* ExampleApplicationTests.swift */; };
		BFFAE6B91D96E0AD00313647 /* ExampleApplicationUITests.swift in Sources */ = {isa = PBXBuildFile; fileRef = BFFAE6B81D96E0AD00313647 /* ExampleApplicationUITests.swift */; };
		BFFAE6C51D9710CA00313647 /* ShakeIT.swift in Sources */ = {isa = PBXBuildFile; fileRef = BFFAE6C41D9710CA00313647 /* ShakeIT.swift */; };
/* End PBXBuildFile section */

/* Begin PBXContainerItemProxy section */
		BFACC3501D971CD000F20090 /* PBXContainerItemProxy */ = {
			isa = PBXContainerItemProxy;
			containerPortal = BFFAE66F1D96E09A00313647 /* Project object */;
			proxyType = 1;
			remoteGlobalIDString = BFFAE6771D96E09B00313647;
			remoteInfo = ShakeIT;
		};
		BFFAE6831D96E09B00313647 /* PBXContainerItemProxy */ = {
			isa = PBXContainerItemProxy;
			containerPortal = BFFAE66F1D96E09A00313647 /* Project object */;
			proxyType = 1;
			remoteGlobalIDString = BFFAE6771D96E09B00313647;
			remoteInfo = ShakeIT;
		};
		BFFAE6AA1D96E0AD00313647 /* PBXContainerItemProxy */ = {
			isa = PBXContainerItemProxy;
			containerPortal = BFFAE66F1D96E09A00313647 /* Project object */;
			proxyType = 1;
			remoteGlobalIDString = BFFAE6951D96E0AD00313647;
			remoteInfo = ExampleApplication;
		};
		BFFAE6B51D96E0AD00313647 /* PBXContainerItemProxy */ = {
			isa = PBXContainerItemProxy;
			containerPortal = BFFAE66F1D96E09A00313647 /* Project object */;
			proxyType = 1;
			remoteGlobalIDString = BFFAE6951D96E0AD00313647;
			remoteInfo = ExampleApplication;
		};
/* End PBXContainerItemProxy section */

/* Begin PBXCopyFilesBuildPhase section */
		BFACC3521D971CD100F20090 /* Embed Frameworks */ = {
			isa = PBXCopyFilesBuildPhase;
			buildActionMask = 2147483647;
			dstPath = "";
			dstSubfolderSpec = 10;
			files = (
				BFACC34F1D971CD000F20090 /* ShakeIT.framework in Embed Frameworks */,
			);
			name = "Embed Frameworks";
			runOnlyForDeploymentPostprocessing = 0;
		};
/* End PBXCopyFilesBuildPhase section */

/* Begin PBXFileReference section */
		BFAB5A931DA2D32300274BB5 /* MotionHandler.swift */ = {isa = PBXFileReference; fileEncoding = 4; lastKnownFileType = sourcecode.swift; name = MotionHandler.swift; path = Utils/Motion/MotionHandler.swift; sourceTree = "<group>"; };
		BFACC3531D97BF0500F20090 /* NoteViewController.swift */ = {isa = PBXFileReference; fileEncoding = 4; lastKnownFileType = sourcecode.swift; path = NoteViewController.swift; sourceTree = "<group>"; };
		BFFAE6781D96E09B00313647 /* ShakeIT.framework */ = {isa = PBXFileReference; explicitFileType = wrapper.framework; includeInIndex = 0; path = ShakeIT.framework; sourceTree = BUILT_PRODUCTS_DIR; };
		BFFAE67B1D96E09B00313647 /* ShakeIT.h */ = {isa = PBXFileReference; lastKnownFileType = sourcecode.c.h; path = ShakeIT.h; sourceTree = "<group>"; };
		BFFAE67C1D96E09B00313647 /* Info.plist */ = {isa = PBXFileReference; lastKnownFileType = text.plist.xml; path = Info.plist; sourceTree = "<group>"; };
		BFFAE6811D96E09B00313647 /* ShakeITTests.xctest */ = {isa = PBXFileReference; explicitFileType = wrapper.cfbundle; includeInIndex = 0; path = ShakeITTests.xctest; sourceTree = BUILT_PRODUCTS_DIR; };
		BFFAE6861D96E09B00313647 /* ShakeITTests.swift */ = {isa = PBXFileReference; lastKnownFileType = sourcecode.swift; path = ShakeITTests.swift; sourceTree = "<group>"; };
		BFFAE6881D96E09B00313647 /* Info.plist */ = {isa = PBXFileReference; lastKnownFileType = text.plist.xml; path = Info.plist; sourceTree = "<group>"; };
		BFFAE6961D96E0AD00313647 /* ExampleApplication.app */ = {isa = PBXFileReference; explicitFileType = wrapper.application; includeInIndex = 0; path = ExampleApplication.app; sourceTree = BUILT_PRODUCTS_DIR; };
		BFFAE6981D96E0AD00313647 /* AppDelegate.swift */ = {isa = PBXFileReference; lastKnownFileType = sourcecode.swift; path = AppDelegate.swift; sourceTree = "<group>"; };
		BFFAE69A1D96E0AD00313647 /* ViewController.swift */ = {isa = PBXFileReference; lastKnownFileType = sourcecode.swift; path = ViewController.swift; sourceTree = "<group>"; };
		BFFAE69D1D96E0AD00313647 /* Base */ = {isa = PBXFileReference; lastKnownFileType = file.storyboard; name = Base; path = Base.lproj/Main.storyboard; sourceTree = "<group>"; };
		BFFAE69F1D96E0AD00313647 /* Assets.xcassets */ = {isa = PBXFileReference; lastKnownFileType = folder.assetcatalog; path = Assets.xcassets; sourceTree = "<group>"; };
		BFFAE6A21D96E0AD00313647 /* Base */ = {isa = PBXFileReference; lastKnownFileType = file.storyboard; name = Base; path = Base.lproj/LaunchScreen.storyboard; sourceTree = "<group>"; };
		BFFAE6A41D96E0AD00313647 /* Info.plist */ = {isa = PBXFileReference; lastKnownFileType = text.plist.xml; path = Info.plist; sourceTree = "<group>"; };
		BFFAE6A91D96E0AD00313647 /* ExampleApplicationTests.xctest */ = {isa = PBXFileReference; explicitFileType = wrapper.cfbundle; includeInIndex = 0; path = ExampleApplicationTests.xctest; sourceTree = BUILT_PRODUCTS_DIR; };
		BFFAE6AD1D96E0AD00313647 /* ExampleApplicationTests.swift */ = {isa = PBXFileReference; lastKnownFileType = sourcecode.swift; path = ExampleApplicationTests.swift; sourceTree = "<group>"; };
		BFFAE6AF1D96E0AD00313647 /* Info.plist */ = {isa = PBXFileReference; lastKnownFileType = text.plist.xml; path = Info.plist; sourceTree = "<group>"; };
		BFFAE6B41D96E0AD00313647 /* ExampleApplicationUITests.xctest */ = {isa = PBXFileReference; explicitFileType = wrapper.cfbundle; includeInIndex = 0; path = ExampleApplicationUITests.xctest; sourceTree = BUILT_PRODUCTS_DIR; };
		BFFAE6B81D96E0AD00313647 /* ExampleApplicationUITests.swift */ = {isa = PBXFileReference; lastKnownFileType = sourcecode.swift; path = ExampleApplicationUITests.swift; sourceTree = "<group>"; };
		BFFAE6BA1D96E0AD00313647 /* Info.plist */ = {isa = PBXFileReference; lastKnownFileType = text.plist.xml; path = Info.plist; sourceTree = "<group>"; };
		BFFAE6C41D9710CA00313647 /* ShakeIT.swift */ = {isa = PBXFileReference; fileEncoding = 4; lastKnownFileType = sourcecode.swift; path = ShakeIT.swift; sourceTree = "<group>"; };
/* End PBXFileReference section */

/* Begin PBXFrameworksBuildPhase section */
		BFFAE6741D96E09B00313647 /* Frameworks */ = {
			isa = PBXFrameworksBuildPhase;
			buildActionMask = 2147483647;
			files = (
			);
			runOnlyForDeploymentPostprocessing = 0;
		};
		BFFAE67E1D96E09B00313647 /* Frameworks */ = {
			isa = PBXFrameworksBuildPhase;
			buildActionMask = 2147483647;
			files = (
				BFFAE6821D96E09B00313647 /* ShakeIT.framework in Frameworks */,
			);
			runOnlyForDeploymentPostprocessing = 0;
		};
		BFFAE6931D96E0AD00313647 /* Frameworks */ = {
			isa = PBXFrameworksBuildPhase;
			buildActionMask = 2147483647;
			files = (
				BFACC34E1D971CD000F20090 /* ShakeIT.framework in Frameworks */,
			);
			runOnlyForDeploymentPostprocessing = 0;
		};
		BFFAE6A61D96E0AD00313647 /* Frameworks */ = {
			isa = PBXFrameworksBuildPhase;
			buildActionMask = 2147483647;
			files = (
			);
			runOnlyForDeploymentPostprocessing = 0;
		};
		BFFAE6B11D96E0AD00313647 /* Frameworks */ = {
			isa = PBXFrameworksBuildPhase;
			buildActionMask = 2147483647;
			files = (
			);
			runOnlyForDeploymentPostprocessing = 0;
		};
/* End PBXFrameworksBuildPhase section */

/* Begin PBXGroup section */
		BFAB5A911DA2D30400274BB5 /* Utlis */ = {
			isa = PBXGroup;
			children = (
				BFAB5A921DA2D30A00274BB5 /* Motion */,
			);
			name = Utlis;
			sourceTree = "<group>";
		};
		BFAB5A921DA2D30A00274BB5 /* Motion */ = {
			isa = PBXGroup;
			children = (
				BFAB5A931DA2D32300274BB5 /* MotionHandler.swift */,
			);
			name = Motion;
			sourceTree = "<group>";
		};
		BFFAE66E1D96E09A00313647 = {
			isa = PBXGroup;
			children = (
				BFFAE67A1D96E09B00313647 /* ShakeIT */,
				BFFAE6851D96E09B00313647 /* ShakeITTests */,
				BFFAE6971D96E0AD00313647 /* ExampleApplication */,
				BFFAE6AC1D96E0AD00313647 /* ExampleApplicationTests */,
				BFFAE6B71D96E0AD00313647 /* ExampleApplicationUITests */,
				BFFAE6791D96E09B00313647 /* Products */,
			);
			sourceTree = "<group>";
		};
		BFFAE6791D96E09B00313647 /* Products */ = {
			isa = PBXGroup;
			children = (
				BFFAE6781D96E09B00313647 /* ShakeIT.framework */,
				BFFAE6811D96E09B00313647 /* ShakeITTests.xctest */,
				BFFAE6961D96E0AD00313647 /* ExampleApplication.app */,
				BFFAE6A91D96E0AD00313647 /* ExampleApplicationTests.xctest */,
				BFFAE6B41D96E0AD00313647 /* ExampleApplicationUITests.xctest */,
			);
			name = Products;
			sourceTree = "<group>";
		};
		BFFAE67A1D96E09B00313647 /* ShakeIT */ = {
			isa = PBXGroup;
			children = (
				BFAB5A911DA2D30400274BB5 /* Utlis */,
				BFFAE67B1D96E09B00313647 /* ShakeIT.h */,
				BFFAE67C1D96E09B00313647 /* Info.plist */,
				BFFAE6C41D9710CA00313647 /* ShakeIT.swift */,
				BFACC3531D97BF0500F20090 /* NoteViewController.swift */,
			);
			path = ShakeIT;
			sourceTree = "<group>";
		};
		BFFAE6851D96E09B00313647 /* ShakeITTests */ = {
			isa = PBXGroup;
			children = (
				BFFAE6861D96E09B00313647 /* ShakeITTests.swift */,
				BFFAE6881D96E09B00313647 /* Info.plist */,
			);
			path = ShakeITTests;
			sourceTree = "<group>";
		};
		BFFAE6971D96E0AD00313647 /* ExampleApplication */ = {
			isa = PBXGroup;
			children = (
				BFFAE6981D96E0AD00313647 /* AppDelegate.swift */,
				BFFAE69A1D96E0AD00313647 /* ViewController.swift */,
				BFFAE69C1D96E0AD00313647 /* Main.storyboard */,
				BFFAE69F1D96E0AD00313647 /* Assets.xcassets */,
				BFFAE6A11D96E0AD00313647 /* LaunchScreen.storyboard */,
				BFFAE6A41D96E0AD00313647 /* Info.plist */,
			);
			path = ExampleApplication;
			sourceTree = "<group>";
		};
		BFFAE6AC1D96E0AD00313647 /* ExampleApplicationTests */ = {
			isa = PBXGroup;
			children = (
				BFFAE6AD1D96E0AD00313647 /* ExampleApplicationTests.swift */,
				BFFAE6AF1D96E0AD00313647 /* Info.plist */,
			);
			path = ExampleApplicationTests;
			sourceTree = "<group>";
		};
		BFFAE6B71D96E0AD00313647 /* ExampleApplicationUITests */ = {
			isa = PBXGroup;
			children = (
				BFFAE6B81D96E0AD00313647 /* ExampleApplicationUITests.swift */,
				BFFAE6BA1D96E0AD00313647 /* Info.plist */,
			);
			path = ExampleApplicationUITests;
			sourceTree = "<group>";
		};
/* End PBXGroup section */

/* Begin PBXHeadersBuildPhase section */
		BFFAE6751D96E09B00313647 /* Headers */ = {
			isa = PBXHeadersBuildPhase;
			buildActionMask = 2147483647;
			files = (
				BFFAE6891D96E09B00313647 /* ShakeIT.h in Headers */,
			);
			runOnlyForDeploymentPostprocessing = 0;
		};
/* End PBXHeadersBuildPhase section */

/* Begin PBXNativeTarget section */
		BFFAE6771D96E09B00313647 /* ShakeIT */ = {
			isa = PBXNativeTarget;
			buildConfigurationList = BFFAE68C1D96E09B00313647 /* Build configuration list for PBXNativeTarget "ShakeIT" */;
			buildPhases = (
				BFFAE6731D96E09B00313647 /* Sources */,
				BFFAE6741D96E09B00313647 /* Frameworks */,
				BFFAE6751D96E09B00313647 /* Headers */,
				BFFAE6761D96E09B00313647 /* Resources */,
			);
			buildRules = (
			);
			dependencies = (
			);
			name = ShakeIT;
			productName = ShakeIT;
			productReference = BFFAE6781D96E09B00313647 /* ShakeIT.framework */;
			productType = "com.apple.product-type.framework";
		};
		BFFAE6801D96E09B00313647 /* ShakeITTests */ = {
			isa = PBXNativeTarget;
			buildConfigurationList = BFFAE68F1D96E09B00313647 /* Build configuration list for PBXNativeTarget "ShakeITTests" */;
			buildPhases = (
				BFFAE67D1D96E09B00313647 /* Sources */,
				BFFAE67E1D96E09B00313647 /* Frameworks */,
				BFFAE67F1D96E09B00313647 /* Resources */,
			);
			buildRules = (
			);
			dependencies = (
				BFFAE6841D96E09B00313647 /* PBXTargetDependency */,
			);
			name = ShakeITTests;
			productName = ShakeITTests;
			productReference = BFFAE6811D96E09B00313647 /* ShakeITTests.xctest */;
			productType = "com.apple.product-type.bundle.unit-test";
		};
		BFFAE6951D96E0AD00313647 /* ExampleApplication */ = {
			isa = PBXNativeTarget;
			buildConfigurationList = BFFAE6BB1D96E0AD00313647 /* Build configuration list for PBXNativeTarget "ExampleApplication" */;
			buildPhases = (
				BFFAE6921D96E0AD00313647 /* Sources */,
				BFFAE6931D96E0AD00313647 /* Frameworks */,
				BFFAE6941D96E0AD00313647 /* Resources */,
				BFACC3521D971CD100F20090 /* Embed Frameworks */,
			);
			buildRules = (
			);
			dependencies = (
				BFACC3511D971CD000F20090 /* PBXTargetDependency */,
			);
			name = ExampleApplication;
			productName = ExampleApplication;
			productReference = BFFAE6961D96E0AD00313647 /* ExampleApplication.app */;
			productType = "com.apple.product-type.application";
		};
		BFFAE6A81D96E0AD00313647 /* ExampleApplicationTests */ = {
			isa = PBXNativeTarget;
			buildConfigurationList = BFFAE6BE1D96E0AD00313647 /* Build configuration list for PBXNativeTarget "ExampleApplicationTests" */;
			buildPhases = (
				BFFAE6A51D96E0AD00313647 /* Sources */,
				BFFAE6A61D96E0AD00313647 /* Frameworks */,
				BFFAE6A71D96E0AD00313647 /* Resources */,
			);
			buildRules = (
			);
			dependencies = (
				BFFAE6AB1D96E0AD00313647 /* PBXTargetDependency */,
			);
			name = ExampleApplicationTests;
			productName = ExampleApplicationTests;
			productReference = BFFAE6A91D96E0AD00313647 /* ExampleApplicationTests.xctest */;
			productType = "com.apple.product-type.bundle.unit-test";
		};
		BFFAE6B31D96E0AD00313647 /* ExampleApplicationUITests */ = {
			isa = PBXNativeTarget;
			buildConfigurationList = BFFAE6C11D96E0AD00313647 /* Build configuration list for PBXNativeTarget "ExampleApplicationUITests" */;
			buildPhases = (
				BFFAE6B01D96E0AD00313647 /* Sources */,
				BFFAE6B11D96E0AD00313647 /* Frameworks */,
				BFFAE6B21D96E0AD00313647 /* Resources */,
			);
			buildRules = (
			);
			dependencies = (
				BFFAE6B61D96E0AD00313647 /* PBXTargetDependency */,
			);
			name = ExampleApplicationUITests;
			productName = ExampleApplicationUITests;
			productReference = BFFAE6B41D96E0AD00313647 /* ExampleApplicationUITests.xctest */;
			productType = "com.apple.product-type.bundle.ui-testing";
		};
/* End PBXNativeTarget section */

/* Begin PBXProject section */
		BFFAE66F1D96E09A00313647 /* Project object */ = {
			isa = PBXProject;
			attributes = {
				LastSwiftUpdateCheck = 0800;
				LastUpgradeCheck = 0800;
				ORGANIZATIONNAME = "Kamil Poręba & Rafał Prążyński";
				TargetAttributes = {
					BFFAE6771D96E09B00313647 = {
						CreatedOnToolsVersion = 8.0;
						DevelopmentTeam = XY8ZXPE8XE;
						LastSwiftMigration = 0800;
						ProvisioningStyle = Automatic;
					};
					BFFAE6801D96E09B00313647 = {
						CreatedOnToolsVersion = 8.0;
						ProvisioningStyle = Automatic;
					};
					BFFAE6951D96E0AD00313647 = {
						CreatedOnToolsVersion = 8.0;
						DevelopmentTeam = XY8ZXPE8XE;
						ProvisioningStyle = Automatic;
					};
					BFFAE6A81D96E0AD00313647 = {
						CreatedOnToolsVersion = 8.0;
						ProvisioningStyle = Automatic;
						TestTargetID = BFFAE6951D96E0AD00313647;
					};
					BFFAE6B31D96E0AD00313647 = {
						CreatedOnToolsVersion = 8.0;
						ProvisioningStyle = Automatic;
						TestTargetID = BFFAE6951D96E0AD00313647;
					};
				};
			};
			buildConfigurationList = BFFAE6721D96E09A00313647 /* Build configuration list for PBXProject "ShakeIT" */;
			compatibilityVersion = "Xcode 3.2";
			developmentRegion = English;
			hasScannedForEncodings = 0;
			knownRegions = (
				en,
				Base,
			);
			mainGroup = BFFAE66E1D96E09A00313647;
			productRefGroup = BFFAE6791D96E09B00313647 /* Products */;
			projectDirPath = "";
			projectRoot = "";
			targets = (
				BFFAE6771D96E09B00313647 /* ShakeIT */,
				BFFAE6801D96E09B00313647 /* ShakeITTests */,
				BFFAE6951D96E0AD00313647 /* ExampleApplication */,
				BFFAE6A81D96E0AD00313647 /* ExampleApplicationTests */,
				BFFAE6B31D96E0AD00313647 /* ExampleApplicationUITests */,
			);
		};
/* End PBXProject section */

/* Begin PBXResourcesBuildPhase section */
		BFFAE6761D96E09B00313647 /* Resources */ = {
			isa = PBXResourcesBuildPhase;
			buildActionMask = 2147483647;
			files = (
			);
			runOnlyForDeploymentPostprocessing = 0;
		};
		BFFAE67F1D96E09B00313647 /* Resources */ = {
			isa = PBXResourcesBuildPhase;
			buildActionMask = 2147483647;
			files = (
			);
			runOnlyForDeploymentPostprocessing = 0;
		};
		BFFAE6941D96E0AD00313647 /* Resources */ = {
			isa = PBXResourcesBuildPhase;
			buildActionMask = 2147483647;
			files = (
				BFFAE6A31D96E0AD00313647 /* LaunchScreen.storyboard in Resources */,
				BFFAE6A01D96E0AD00313647 /* Assets.xcassets in Resources */,
				BFFAE69E1D96E0AD00313647 /* Main.storyboard in Resources */,
			);
			runOnlyForDeploymentPostprocessing = 0;
		};
		BFFAE6A71D96E0AD00313647 /* Resources */ = {
			isa = PBXResourcesBuildPhase;
			buildActionMask = 2147483647;
			files = (
			);
			runOnlyForDeploymentPostprocessing = 0;
		};
		BFFAE6B21D96E0AD00313647 /* Resources */ = {
			isa = PBXResourcesBuildPhase;
			buildActionMask = 2147483647;
			files = (
			);
			runOnlyForDeploymentPostprocessing = 0;
		};
/* End PBXResourcesBuildPhase section */

/* Begin PBXSourcesBuildPhase section */
		BFFAE6731D96E09B00313647 /* Sources */ = {
			isa = PBXSourcesBuildPhase;
			buildActionMask = 2147483647;
			files = (
				BFAB5A941DA2D32300274BB5 /* MotionHandler.swift in Sources */,
				BFACC3541D97BF0500F20090 /* NoteViewController.swift in Sources */,
				BFFAE6C51D9710CA00313647 /* ShakeIT.swift in Sources */,
			);
			runOnlyForDeploymentPostprocessing = 0;
		};
		BFFAE67D1D96E09B00313647 /* Sources */ = {
			isa = PBXSourcesBuildPhase;
			buildActionMask = 2147483647;
			files = (
				BFFAE6871D96E09B00313647 /* ShakeITTests.swift in Sources */,
			);
			runOnlyForDeploymentPostprocessing = 0;
		};
		BFFAE6921D96E0AD00313647 /* Sources */ = {
			isa = PBXSourcesBuildPhase;
			buildActionMask = 2147483647;
			files = (
				BFFAE69B1D96E0AD00313647 /* ViewController.swift in Sources */,
				BFFAE6991D96E0AD00313647 /* AppDelegate.swift in Sources */,
			);
			runOnlyForDeploymentPostprocessing = 0;
		};
		BFFAE6A51D96E0AD00313647 /* Sources */ = {
			isa = PBXSourcesBuildPhase;
			buildActionMask = 2147483647;
			files = (
				BFFAE6AE1D96E0AD00313647 /* ExampleApplicationTests.swift in Sources */,
			);
			runOnlyForDeploymentPostprocessing = 0;
		};
		BFFAE6B01D96E0AD00313647 /* Sources */ = {
			isa = PBXSourcesBuildPhase;
			buildActionMask = 2147483647;
			files = (
				BFFAE6B91D96E0AD00313647 /* ExampleApplicationUITests.swift in Sources */,
			);
			runOnlyForDeploymentPostprocessing = 0;
		};
/* End PBXSourcesBuildPhase section */

/* Begin PBXTargetDependency section */
		BFACC3511D971CD000F20090 /* PBXTargetDependency */ = {
			isa = PBXTargetDependency;
			target = BFFAE6771D96E09B00313647 /* ShakeIT */;
			targetProxy = BFACC3501D971CD000F20090 /* PBXContainerItemProxy */;
		};
		BFFAE6841D96E09B00313647 /* PBXTargetDependency */ = {
			isa = PBXTargetDependency;
			target = BFFAE6771D96E09B00313647 /* ShakeIT */;
			targetProxy = BFFAE6831D96E09B00313647 /* PBXContainerItemProxy */;
		};
		BFFAE6AB1D96E0AD00313647 /* PBXTargetDependency */ = {
			isa = PBXTargetDependency;
			target = BFFAE6951D96E0AD00313647 /* ExampleApplication */;
			targetProxy = BFFAE6AA1D96E0AD00313647 /* PBXContainerItemProxy */;
		};
		BFFAE6B61D96E0AD00313647 /* PBXTargetDependency */ = {
			isa = PBXTargetDependency;
			target = BFFAE6951D96E0AD00313647 /* ExampleApplication */;
			targetProxy = BFFAE6B51D96E0AD00313647 /* PBXContainerItemProxy */;
		};
/* End PBXTargetDependency section */

/* Begin PBXVariantGroup section */
		BFFAE69C1D96E0AD00313647 /* Main.storyboard */ = {
			isa = PBXVariantGroup;
			children = (
				BFFAE69D1D96E0AD00313647 /* Base */,
			);
			name = Main.storyboard;
			sourceTree = "<group>";
		};
		BFFAE6A11D96E0AD00313647 /* LaunchScreen.storyboard */ = {
			isa = PBXVariantGroup;
			children = (
				BFFAE6A21D96E0AD00313647 /* Base */,
			);
			name = LaunchScreen.storyboard;
			sourceTree = "<group>";
		};
/* End PBXVariantGroup section */

/* Begin XCBuildConfiguration section */
		BFFAE68A1D96E09B00313647 /* Debug */ = {
			isa = XCBuildConfiguration;
			buildSettings = {
				ALWAYS_SEARCH_USER_PATHS = NO;
				CLANG_ANALYZER_NONNULL = YES;
				CLANG_CXX_LANGUAGE_STANDARD = "gnu++0x";
				CLANG_CXX_LIBRARY = "libc++";
				CLANG_ENABLE_MODULES = YES;
				CLANG_ENABLE_OBJC_ARC = YES;
				CLANG_WARN_BOOL_CONVERSION = YES;
				CLANG_WARN_CONSTANT_CONVERSION = YES;
				CLANG_WARN_DIRECT_OBJC_ISA_USAGE = YES_ERROR;
				CLANG_WARN_DOCUMENTATION_COMMENTS = YES;
				CLANG_WARN_EMPTY_BODY = YES;
				CLANG_WARN_ENUM_CONVERSION = YES;
				CLANG_WARN_INFINITE_RECURSION = YES;
				CLANG_WARN_INT_CONVERSION = YES;
				CLANG_WARN_OBJC_ROOT_CLASS = YES_ERROR;
				CLANG_WARN_SUSPICIOUS_MOVES = YES;
				CLANG_WARN_UNREACHABLE_CODE = YES;
				CLANG_WARN__DUPLICATE_METHOD_MATCH = YES;
				"CODE_SIGN_IDENTITY[sdk=iphoneos*]" = "iPhone Developer";
				COPY_PHASE_STRIP = NO;
				CURRENT_PROJECT_VERSION = 1;
				DEBUG_INFORMATION_FORMAT = dwarf;
				ENABLE_STRICT_OBJC_MSGSEND = YES;
				ENABLE_TESTABILITY = YES;
				GCC_C_LANGUAGE_STANDARD = gnu99;
				GCC_DYNAMIC_NO_PIC = NO;
				GCC_NO_COMMON_BLOCKS = YES;
				GCC_OPTIMIZATION_LEVEL = 0;
				GCC_PREPROCESSOR_DEFINITIONS = (
					"DEBUG=1",
					"$(inherited)",
				);
				GCC_WARN_64_TO_32_BIT_CONVERSION = YES;
				GCC_WARN_ABOUT_RETURN_TYPE = YES_ERROR;
				GCC_WARN_UNDECLARED_SELECTOR = YES;
				GCC_WARN_UNINITIALIZED_AUTOS = YES_AGGRESSIVE;
				GCC_WARN_UNUSED_FUNCTION = YES;
				GCC_WARN_UNUSED_VARIABLE = YES;
				IPHONEOS_DEPLOYMENT_TARGET = 10.0;
				MTL_ENABLE_DEBUG_INFO = YES;
				ONLY_ACTIVE_ARCH = YES;
				SDKROOT = iphoneos;
				SWIFT_ACTIVE_COMPILATION_CONDITIONS = DEBUG;
				SWIFT_OPTIMIZATION_LEVEL = "-Onone";
				TARGETED_DEVICE_FAMILY = "1,2";
				VERSIONING_SYSTEM = "apple-generic";
				VERSION_INFO_PREFIX = "";
			};
			name = Debug;
		};
		BFFAE68B1D96E09B00313647 /* Release */ = {
			isa = XCBuildConfiguration;
			buildSettings = {
				ALWAYS_SEARCH_USER_PATHS = NO;
				CLANG_ANALYZER_NONNULL = YES;
				CLANG_CXX_LANGUAGE_STANDARD = "gnu++0x";
				CLANG_CXX_LIBRARY = "libc++";
				CLANG_ENABLE_MODULES = YES;
				CLANG_ENABLE_OBJC_ARC = YES;
				CLANG_WARN_BOOL_CONVERSION = YES;
				CLANG_WARN_CONSTANT_CONVERSION = YES;
				CLANG_WARN_DIRECT_OBJC_ISA_USAGE = YES_ERROR;
				CLANG_WARN_DOCUMENTATION_COMMENTS = YES;
				CLANG_WARN_EMPTY_BODY = YES;
				CLANG_WARN_ENUM_CONVERSION = YES;
				CLANG_WARN_INFINITE_RECURSION = YES;
				CLANG_WARN_INT_CONVERSION = YES;
				CLANG_WARN_OBJC_ROOT_CLASS = YES_ERROR;
				CLANG_WARN_SUSPICIOUS_MOVES = YES;
				CLANG_WARN_UNREACHABLE_CODE = YES;
				CLANG_WARN__DUPLICATE_METHOD_MATCH = YES;
				"CODE_SIGN_IDENTITY[sdk=iphoneos*]" = "iPhone Developer";
				COPY_PHASE_STRIP = NO;
				CURRENT_PROJECT_VERSION = 1;
				DEBUG_INFORMATION_FORMAT = "dwarf-with-dsym";
				ENABLE_NS_ASSERTIONS = NO;
				ENABLE_STRICT_OBJC_MSGSEND = YES;
				GCC_C_LANGUAGE_STANDARD = gnu99;
				GCC_NO_COMMON_BLOCKS = YES;
				GCC_WARN_64_TO_32_BIT_CONVERSION = YES;
				GCC_WARN_ABOUT_RETURN_TYPE = YES_ERROR;
				GCC_WARN_UNDECLARED_SELECTOR = YES;
				GCC_WARN_UNINITIALIZED_AUTOS = YES_AGGRESSIVE;
				GCC_WARN_UNUSED_FUNCTION = YES;
				GCC_WARN_UNUSED_VARIABLE = YES;
				IPHONEOS_DEPLOYMENT_TARGET = 10.0;
				MTL_ENABLE_DEBUG_INFO = NO;
				SDKROOT = iphoneos;
				SWIFT_OPTIMIZATION_LEVEL = "-Owholemodule";
				TARGETED_DEVICE_FAMILY = "1,2";
				VALIDATE_PRODUCT = YES;
				VERSIONING_SYSTEM = "apple-generic";
				VERSION_INFO_PREFIX = "";
			};
			name = Release;
		};
		BFFAE68D1D96E09B00313647 /* Debug */ = {
			isa = XCBuildConfiguration;
			buildSettings = {
				CLANG_ENABLE_MODULES = YES;
				CODE_SIGN_IDENTITY = "";
				DEFINES_MODULE = YES;
				DEVELOPMENT_TEAM = XY8ZXPE8XE;
				DYLIB_COMPATIBILITY_VERSION = 1;
				DYLIB_CURRENT_VERSION = 1;
				DYLIB_INSTALL_NAME_BASE = "@rpath";
				INFOPLIST_FILE = ShakeIT/Info.plist;
				INSTALL_PATH = "$(LOCAL_LIBRARY_DIR)/Frameworks";
				LD_RUNPATH_SEARCH_PATHS = "$(inherited) @executable_path/Frameworks @loader_path/Frameworks";
				PRODUCT_BUNDLE_IDENTIFIER = com.project.ShakeIT;
				PRODUCT_NAME = "$(TARGET_NAME)";
				SKIP_INSTALL = YES;
				SWIFT_OPTIMIZATION_LEVEL = "-Onone";
				SWIFT_VERSION = 3.0;
			};
			name = Debug;
		};
		BFFAE68E1D96E09B00313647 /* Release */ = {
			isa = XCBuildConfiguration;
			buildSettings = {
				CLANG_ENABLE_MODULES = YES;
				CODE_SIGN_IDENTITY = "";
				DEFINES_MODULE = YES;
				DEVELOPMENT_TEAM = XY8ZXPE8XE;
				DYLIB_COMPATIBILITY_VERSION = 1;
				DYLIB_CURRENT_VERSION = 1;
				DYLIB_INSTALL_NAME_BASE = "@rpath";
				INFOPLIST_FILE = ShakeIT/Info.plist;
				INSTALL_PATH = "$(LOCAL_LIBRARY_DIR)/Frameworks";
				LD_RUNPATH_SEARCH_PATHS = "$(inherited) @executable_path/Frameworks @loader_path/Frameworks";
				PRODUCT_BUNDLE_IDENTIFIER = com.project.ShakeIT;
				PRODUCT_NAME = "$(TARGET_NAME)";
				SKIP_INSTALL = YES;
				SWIFT_VERSION = 3.0;
			};
			name = Release;
		};
		BFFAE6901D96E09B00313647 /* Debug */ = {
			isa = XCBuildConfiguration;
			buildSettings = {
				ALWAYS_EMBED_SWIFT_STANDARD_LIBRARIES = YES;
				INFOPLIST_FILE = ShakeITTests/Info.plist;
				LD_RUNPATH_SEARCH_PATHS = "$(inherited) @executable_path/Frameworks @loader_path/Frameworks";
				PRODUCT_BUNDLE_IDENTIFIER = com.project.ShakeITTests;
				PRODUCT_NAME = "$(TARGET_NAME)";
				SWIFT_VERSION = 3.0;
			};
			name = Debug;
		};
		BFFAE6911D96E09B00313647 /* Release */ = {
			isa = XCBuildConfiguration;
			buildSettings = {
				ALWAYS_EMBED_SWIFT_STANDARD_LIBRARIES = YES;
				INFOPLIST_FILE = ShakeITTests/Info.plist;
				LD_RUNPATH_SEARCH_PATHS = "$(inherited) @executable_path/Frameworks @loader_path/Frameworks";
				PRODUCT_BUNDLE_IDENTIFIER = com.project.ShakeITTests;
				PRODUCT_NAME = "$(TARGET_NAME)";
				SWIFT_VERSION = 3.0;
			};
			name = Release;
		};
		BFFAE6BC1D96E0AD00313647 /* Debug */ = {
			isa = XCBuildConfiguration;
			buildSettings = {
				ALWAYS_EMBED_SWIFT_STANDARD_LIBRARIES = YES;
				ASSETCATALOG_COMPILER_APPICON_NAME = AppIcon;
				DEVELOPMENT_TEAM = XY8ZXPE8XE;
				INFOPLIST_FILE = ExampleApplication/Info.plist;
				LD_RUNPATH_SEARCH_PATHS = "$(inherited) @executable_path/Frameworks";
				PRODUCT_BUNDLE_IDENTIFIER = com.kamilporeba.shakeit.ExampleApplication;
				PRODUCT_NAME = "$(TARGET_NAME)";
				SWIFT_VERSION = 3.0;
			};
			name = Debug;
		};
		BFFAE6BD1D96E0AD00313647 /* Release */ = {
			isa = XCBuildConfiguration;
			buildSettings = {
				ALWAYS_EMBED_SWIFT_STANDARD_LIBRARIES = YES;
				ASSETCATALOG_COMPILER_APPICON_NAME = AppIcon;
				DEVELOPMENT_TEAM = XY8ZXPE8XE;
				INFOPLIST_FILE = ExampleApplication/Info.plist;
				LD_RUNPATH_SEARCH_PATHS = "$(inherited) @executable_path/Frameworks";
				PRODUCT_BUNDLE_IDENTIFIER = com.kamilporeba.shakeit.ExampleApplication;
				PRODUCT_NAME = "$(TARGET_NAME)";
				SWIFT_VERSION = 3.0;
			};
			name = Release;
		};
		BFFAE6BF1D96E0AD00313647 /* Debug */ = {
			isa = XCBuildConfiguration;
			buildSettings = {
				ALWAYS_EMBED_SWIFT_STANDARD_LIBRARIES = YES;
				BUNDLE_LOADER = "$(TEST_HOST)";
				INFOPLIST_FILE = ExampleApplicationTests/Info.plist;
				LD_RUNPATH_SEARCH_PATHS = "$(inherited) @executable_path/Frameworks @loader_path/Frameworks";
				PRODUCT_BUNDLE_IDENTIFIER = com.project.ExampleApplicationTests;
				PRODUCT_NAME = "$(TARGET_NAME)";
				SWIFT_VERSION = 3.0;
				TEST_HOST = "$(BUILT_PRODUCTS_DIR)/ExampleApplication.app/ExampleApplication";
			};
			name = Debug;
		};
		BFFAE6C01D96E0AD00313647 /* Release */ = {
			isa = XCBuildConfiguration;
			buildSettings = {
				ALWAYS_EMBED_SWIFT_STANDARD_LIBRARIES = YES;
				BUNDLE_LOADER = "$(TEST_HOST)";
				INFOPLIST_FILE = ExampleApplicationTests/Info.plist;
				LD_RUNPATH_SEARCH_PATHS = "$(inherited) @executable_path/Frameworks @loader_path/Frameworks";
				PRODUCT_BUNDLE_IDENTIFIER = com.project.ExampleApplicationTests;
				PRODUCT_NAME = "$(TARGET_NAME)";
				SWIFT_VERSION = 3.0;
				TEST_HOST = "$(BUILT_PRODUCTS_DIR)/ExampleApplication.app/ExampleApplication";
			};
			name = Release;
		};
		BFFAE6C21D96E0AD00313647 /* Debug */ = {
			isa = XCBuildConfiguration;
			buildSettings = {
				ALWAYS_EMBED_SWIFT_STANDARD_LIBRARIES = YES;
				INFOPLIST_FILE = ExampleApplicationUITests/Info.plist;
				LD_RUNPATH_SEARCH_PATHS = "$(inherited) @executable_path/Frameworks @loader_path/Frameworks";
				PRODUCT_BUNDLE_IDENTIFIER = com.project.ExampleApplicationUITests;
				PRODUCT_NAME = "$(TARGET_NAME)";
				SWIFT_VERSION = 3.0;
				TEST_TARGET_NAME = ExampleApplication;
			};
			name = Debug;
		};
		BFFAE6C31D96E0AD00313647 /* Release */ = {
			isa = XCBuildConfiguration;
			buildSettings = {
				ALWAYS_EMBED_SWIFT_STANDARD_LIBRARIES = YES;
				INFOPLIST_FILE = ExampleApplicationUITests/Info.plist;
				LD_RUNPATH_SEARCH_PATHS = "$(inherited) @executable_path/Frameworks @loader_path/Frameworks";
				PRODUCT_BUNDLE_IDENTIFIER = com.project.ExampleApplicationUITests;
				PRODUCT_NAME = "$(TARGET_NAME)";
				SWIFT_VERSION = 3.0;
				TEST_TARGET_NAME = ExampleApplication;
			};
			name = Release;
		};
/* End XCBuildConfiguration section */

/* Begin XCConfigurationList section */
		BFFAE6721D96E09A00313647 /* Build configuration list for PBXProject "ShakeIT" */ = {
			isa = XCConfigurationList;
			buildConfigurations = (
				BFFAE68A1D96E09B00313647 /* Debug */,
				BFFAE68B1D96E09B00313647 /* Release */,
			);
			defaultConfigurationIsVisible = 0;
			defaultConfigurationName = Release;
		};
		BFFAE68C1D96E09B00313647 /* Build configuration list for PBXNativeTarget "ShakeIT" */ = {
			isa = XCConfigurationList;
			buildConfigurations = (
				BFFAE68D1D96E09B00313647 /* Debug */,
				BFFAE68E1D96E09B00313647 /* Release */,
			);
			defaultConfigurationIsVisible = 0;
			defaultConfigurationName = Release;
		};
		BFFAE68F1D96E09B00313647 /* Build configuration list for PBXNativeTarget "ShakeITTests" */ = {
			isa = XCConfigurationList;
			buildConfigurations = (
				BFFAE6901D96E09B00313647 /* Debug */,
				BFFAE6911D96E09B00313647 /* Release */,
			);
			defaultConfigurationIsVisible = 0;
			defaultConfigurationName = Release;
		};
		BFFAE6BB1D96E0AD00313647 /* Build configuration list for PBXNativeTarget "ExampleApplication" */ = {
			isa = XCConfigurationList;
			buildConfigurations = (
				BFFAE6BC1D96E0AD00313647 /* Debug */,
				BFFAE6BD1D96E0AD00313647 /* Release */,
			);
			defaultConfigurationIsVisible = 0;
			defaultConfigurationName = Release;
		};
		BFFAE6BE1D96E0AD00313647 /* Build configuration list for PBXNativeTarget "ExampleApplicationTests" */ = {
			isa = XCConfigurationList;
			buildConfigurations = (
				BFFAE6BF1D96E0AD00313647 /* Debug */,
				BFFAE6C01D96E0AD00313647 /* Release */,
			);
			defaultConfigurationIsVisible = 0;
			defaultConfigurationName = Release;
		};
		BFFAE6C11D96E0AD00313647 /* Build configuration list for PBXNativeTarget "ExampleApplicationUITests" */ = {
			isa = XCConfigurationList;
			buildConfigurations = (
				BFFAE6C21D96E0AD00313647 /* Debug */,
				BFFAE6C31D96E0AD00313647 /* Release */,
			);
			defaultConfigurationIsVisible = 0;
			defaultConfigurationName = Release;
		};
/* End XCConfigurationList section */
	};
	rootObject = BFFAE66F1D96E09A00313647 /* Project object */;
}
